
Microsoft Visual Studio Solution File, Format Version 12.00
# Visual Studio 15
VisualStudioVersion = 15.0.26430.15
MinimumVisualStudioVersion = 10.0.40219.1
Project("{151D2E53-A2C4-4D7D-83FE-D05416EBD58E}") = "AzureResourceGroup7", "AzureResourceGroup7\AzureResourceGroup7.deployproj", "{B8D7E618-4AC4-4065-8AB2-3C1C86901309}"
EndProject
Global
	GlobalSection(SolutionConfigurationPlatforms) = preSolution
		Debug|Any CPU = Debug|Any CPU
		Release|Any CPU = Release|Any CPU
	EndGlobalSection
	GlobalSection(ProjectConfigurationPlatforms) = postSolution
		{B8D7E618-4AC4-4065-8AB2-3C1C86901309}.Debug|Any CPU.ActiveCfg = Debug|Any CPU
		{B8D7E618-4AC4-4065-8AB2-3C1C86901309}.Debug|Any CPU.Build.0 = Debug|Any CPU
		{B8D7E618-4AC4-4065-8AB2-3C1C86901309}.Release|Any CPU.ActiveCfg = Release|Any CPU
		{B8D7E618-4AC4-4065-8AB2-3C1C86901309}.Release|Any CPU.Build.0 = Release|Any CPU
	EndGlobalSection
	GlobalSection(SolutionProperties) = preSolution
		HideSolutionNode = FALSE
	EndGlobalSection
EndGlobal
